
Microsoft Visual Studio Solution File, Format Version 12.00
# Visual Studio Version 17
VisualStudioVersion = 17.8.34309.116
MinimumVisualStudioVersion = 10.0.40219.1
Project("{9A19103F-16F7-4668-BE54-9A1E7A4F7556}") = "Torrential", "src\Torrential\Torrential.csproj", "{23E8CF05-F614-41D7-94DC-B99DFD4863C0}"
EndProject
Project("{9A19103F-16F7-4668-BE54-9A1E7A4F7556}") = "Torrential.Tests", "test\Torrential.Tests\Torrential.Tests.csproj", "{4F829C73-8D6E-4F3A-88EB-7F18606A94A6}"
EndProject
Project("{9A19103F-16F7-4668-BE54-9A1E7A4F7556}") = "Torrential.Web", "src\Torrential.Web\Torrential.Web.csproj", "{F240C48B-D603-4ADE-A16D-6CE1B69E4F66}"
EndProject
Project("{FAE04EC0-301F-11D3-BF4B-00C04F79EFBC}") = "Torrential.Extensions.SignalR", "src\Torrential.Extensions.SignalR\Torrential.Extensions.SignalR.csproj", "{4609E6CF-4AD1-4D7C-8E94-F50ED41EE8A9}"
EndProject
Project("{2150E333-8FDC-42A3-9474-1A3956D46DE8}") = "src", "src", "{827E0CD3-B72D-47B6-A68D-7590B98EB39B}"
EndProject
Project("{FAE04EC0-301F-11D3-BF4B-00C04F79EFBC}") = "Torrential.Core", "src\Torrential.Core\Torrential.Core.csproj", "{5D8875BD-80B3-4BE2-930E-52A60ABB341D}"
EndProject
Project("{2150E333-8FDC-42A3-9474-1A3956D46DE8}") = "test", "test", "{0C88DD14-F956-CE84-757C-A364CCF449FC}"
EndProject
Project("{FAE04EC0-301F-11D3-BF4B-00C04F79EFBC}") = "Torrential.Core.Tests", "test\Torrential.Core.Tests\Torrential.Core.Tests.csproj", "{92A29F34-D5CB-45CD-83FE-6023CDA05BA7}"
EndProject
Project("{FAE04EC0-301F-11D3-BF4B-00C04F79EFBC}") = "Torrential.Harness", "src\Torrential.Harness\Torrential.Harness.csproj", "{1AA172F8-764F-459D-B2C0-019953E6B994}"
EndProject
Project("{FAE04EC0-301F-11D3-BF4B-00C04F79EFBC}") = "Torrential.Application", "src\Torrential.Application\Torrential.Application.csproj", "{5A0C552A-D534-4874-9C11-AE6622A3ECC9}"
EndProject
Project("{FAE04EC0-301F-11D3-BF4B-00C04F79EFBC}") = "Torrential.Application.Tests", "test\Torrential.Application.Tests\Torrential.Application.Tests.csproj", "{3E798068-BA49-41CD-A5E2-05F63F45CD60}"
EndProject
Global
	GlobalSection(SolutionConfigurationPlatforms) = preSolution
		Debug|Any CPU = Debug|Any CPU
		Debug|x64 = Debug|x64
		Debug|x86 = Debug|x86
		Release|Any CPU = Release|Any CPU
		Release|x64 = Release|x64
		Release|x86 = Release|x86
	EndGlobalSection
	GlobalSection(ProjectConfigurationPlatforms) = postSolution
		{23E8CF05-F614-41D7-94DC-B99DFD4863C0}.Debug|Any CPU.ActiveCfg = Debug|Any CPU
		{23E8CF05-F614-41D7-94DC-B99DFD4863C0}.Debug|Any CPU.Build.0 = Debug|Any CPU
		{23E8CF05-F614-41D7-94DC-B99DFD4863C0}.Debug|x64.ActiveCfg = Debug|Any CPU
		{23E8CF05-F614-41D7-94DC-B99DFD4863C0}.Debug|x64.Build.0 = Debug|Any CPU
		{23E8CF05-F614-41D7-94DC-B99DFD4863C0}.Debug|x86.ActiveCfg = Debug|Any CPU
		{23E8CF05-F614-41D7-94DC-B99DFD4863C0}.Debug|x86.Build.0 = Debug|Any CPU
		{23E8CF05-F614-41D7-94DC-B99DFD4863C0}.Release|Any CPU.ActiveCfg = Release|Any CPU
		{23E8CF05-F614-41D7-94DC-B99DFD4863C0}.Release|Any CPU.Build.0 = Release|Any CPU
		{23E8CF05-F614-41D7-94DC-B99DFD4863C0}.Release|x64.ActiveCfg = Release|Any CPU
		{23E8CF05-F614-41D7-94DC-B99DFD4863C0}.Release|x64.Build.0 = Release|Any CPU
		{23E8CF05-F614-41D7-94DC-B99DFD4863C0}.Release|x86.ActiveCfg = Release|Any CPU
		{23E8CF05-F614-41D7-94DC-B99DFD4863C0}.Release|x86.Build.0 = Release|Any CPU
		{4F829C73-8D6E-4F3A-88EB-7F18606A94A6}.Debug|Any CPU.ActiveCfg = Debug|Any CPU
		{4F829C73-8D6E-4F3A-88EB-7F18606A94A6}.Debug|Any CPU.Build.0 = Debug|Any CPU
		{4F829C73-8D6E-4F3A-88EB-7F18606A94A6}.Debug|x64.ActiveCfg = Debug|Any CPU
		{4F829C73-8D6E-4F3A-88EB-7F18606A94A6}.Debug|x64.Build.0 = Debug|Any CPU
		{4F829C73-8D6E-4F3A-88EB-7F18606A94A6}.Debug|x86.ActiveCfg = Debug|Any CPU
		{4F829C73-8D6E-4F3A-88EB-7F18606A94A6}.Debug|x86.Build.0 = Debug|Any CPU
		{4F829C73-8D6E-4F3A-88EB-7F18606A94A6}.Release|Any CPU.ActiveCfg = Release|Any CPU
		{4F829C73-8D6E-4F3A-88EB-7F18606A94A6}.Release|Any CPU.Build.0 = Release|Any CPU
		{4F829C73-8D6E-4F3A-88EB-7F18606A94A6}.Release|x64.ActiveCfg = Release|Any CPU
		{4F829C73-8D6E-4F3A-88EB-7F18606A94A6}.Release|x64.Build.0 = Release|Any CPU
		{4F829C73-8D6E-4F3A-88EB-7F18606A94A6}.Release|x86.ActiveCfg = Release|Any CPU
		{4F829C73-8D6E-4F3A-88EB-7F18606A94A6}.Release|x86.Build.0 = Release|Any CPU
		{F240C48B-D603-4ADE-A16D-6CE1B69E4F66}.Debug|Any CPU.ActiveCfg = Debug|Any CPU
		{F240C48B-D603-4ADE-A16D-6CE1B69E4F66}.Debug|Any CPU.Build.0 = Debug|Any CPU
		{F240C48B-D603-4ADE-A16D-6CE1B69E4F66}.Debug|x64.ActiveCfg = Debug|Any CPU
		{F240C48B-D603-4ADE-A16D-6CE1B69E4F66}.Debug|x64.Build.0 = Debug|Any CPU
		{F240C48B-D603-4ADE-A16D-6CE1B69E4F66}.Debug|x86.ActiveCfg = Debug|Any CPU
		{F240C48B-D603-4ADE-A16D-6CE1B69E4F66}.Debug|x86.Build.0 = Debug|Any CPU
		{F240C48B-D603-4ADE-A16D-6CE1B69E4F66}.Release|Any CPU.ActiveCfg = Release|Any CPU
		{F240C48B-D603-4ADE-A16D-6CE1B69E4F66}.Release|Any CPU.Build.0 = Release|Any CPU
		{F240C48B-D603-4ADE-A16D-6CE1B69E4F66}.Release|x64.ActiveCfg = Release|Any CPU
		{F240C48B-D603-4ADE-A16D-6CE1B69E4F66}.Release|x64.Build.0 = Release|Any CPU
		{F240C48B-D603-4ADE-A16D-6CE1B69E4F66}.Release|x86.ActiveCfg = Release|Any CPU
		{F240C48B-D603-4ADE-A16D-6CE1B69E4F66}.Release|x86.Build.0 = Release|Any CPU
		{4609E6CF-4AD1-4D7C-8E94-F50ED41EE8A9}.Debug|Any CPU.ActiveCfg = Debug|Any CPU
		{4609E6CF-4AD1-4D7C-8E94-F50ED41EE8A9}.Debug|Any CPU.Build.0 = Debug|Any CPU
		{4609E6CF-4AD1-4D7C-8E94-F50ED41EE8A9}.Debug|x64.ActiveCfg = Debug|Any CPU
		{4609E6CF-4AD1-4D7C-8E94-F50ED41EE8A9}.Debug|x64.Build.0 = Debug|Any CPU
		{4609E6CF-4AD1-4D7C-8E94-F50ED41EE8A9}.Debug|x86.ActiveCfg = Debug|Any CPU
		{4609E6CF-4AD1-4D7C-8E94-F50ED41EE8A9}.Debug|x86.Build.0 = Debug|Any CPU
		{4609E6CF-4AD1-4D7C-8E94-F50ED41EE8A9}.Release|Any CPU.ActiveCfg = Release|Any CPU
		{4609E6CF-4AD1-4D7C-8E94-F50ED41EE8A9}.Release|Any CPU.Build.0 = Release|Any CPU
		{4609E6CF-4AD1-4D7C-8E94-F50ED41EE8A9}.Release|x64.ActiveCfg = Release|Any CPU
		{4609E6CF-4AD1-4D7C-8E94-F50ED41EE8A9}.Release|x64.Build.0 = Release|Any CPU
		{4609E6CF-4AD1-4D7C-8E94-F50ED41EE8A9}.Release|x86.ActiveCfg = Release|Any CPU
		{4609E6CF-4AD1-4D7C-8E94-F50ED41EE8A9}.Release|x86.Build.0 = Release|Any CPU
		{5D8875BD-80B3-4BE2-930E-52A60ABB341D}.Debug|Any CPU.ActiveCfg = Debug|Any CPU
		{5D8875BD-80B3-4BE2-930E-52A60ABB341D}.Debug|Any CPU.Build.0 = Debug|Any CPU
		{5D8875BD-80B3-4BE2-930E-52A60ABB341D}.Debug|x64.ActiveCfg = Debug|Any CPU
		{5D8875BD-80B3-4BE2-930E-52A60ABB341D}.Debug|x64.Build.0 = Debug|Any CPU
		{5D8875BD-80B3-4BE2-930E-52A60ABB341D}.Debug|x86.ActiveCfg = Debug|Any CPU
		{5D8875BD-80B3-4BE2-930E-52A60ABB341D}.Debug|x86.Build.0 = Debug|Any CPU
		{5D8875BD-80B3-4BE2-930E-52A60ABB341D}.Release|Any CPU.ActiveCfg = Release|Any CPU
		{5D8875BD-80B3-4BE2-930E-52A60ABB341D}.Release|Any CPU.Build.0 = Release|Any CPU
		{5D8875BD-80B3-4BE2-930E-52A60ABB341D}.Release|x64.ActiveCfg = Release|Any CPU
		{5D8875BD-80B3-4BE2-930E-52A60ABB341D}.Release|x64.Build.0 = Release|Any CPU
		{5D8875BD-80B3-4BE2-930E-52A60ABB341D}.Release|x86.ActiveCfg = Release|Any CPU
		{5D8875BD-80B3-4BE2-930E-52A60ABB341D}.Release|x86.Build.0 = Release|Any CPU
		{92A29F34-D5CB-45CD-83FE-6023CDA05BA7}.Debug|Any CPU.ActiveCfg = Debug|Any CPU
		{92A29F34-D5CB-45CD-83FE-6023CDA05BA7}.Debug|Any CPU.Build.0 = Debug|Any CPU
		{92A29F34-D5CB-45CD-83FE-6023CDA05BA7}.Debug|x64.ActiveCfg = Debug|Any CPU
		{92A29F34-D5CB-45CD-83FE-6023CDA05BA7}.Debug|x64.Build.0 = Debug|Any CPU
		{92A29F34-D5CB-45CD-83FE-6023CDA05BA7}.Debug|x86.ActiveCfg = Debug|Any CPU
		{92A29F34-D5CB-45CD-83FE-6023CDA05BA7}.Debug|x86.Build.0 = Debug|Any CPU
		{92A29F34-D5CB-45CD-83FE-6023CDA05BA7}.Release|Any CPU.ActiveCfg = Release|Any CPU
		{92A29F34-D5CB-45CD-83FE-6023CDA05BA7}.Release|Any CPU.Build.0 = Release|Any CPU
		{92A29F34-D5CB-45CD-83FE-6023CDA05BA7}.Release|x64.ActiveCfg = Release|Any CPU
		{92A29F34-D5CB-45CD-83FE-6023CDA05BA7}.Release|x64.Build.0 = Release|Any CPU
		{92A29F34-D5CB-45CD-83FE-6023CDA05BA7}.Release|x86.ActiveCfg = Release|Any CPU
		{92A29F34-D5CB-45CD-83FE-6023CDA05BA7}.Release|x86.Build.0 = Release|Any CPU
		{1AA172F8-764F-459D-B2C0-019953E6B994}.Debug|Any CPU.ActiveCfg = Debug|Any CPU
		{1AA172F8-764F-459D-B2C0-019953E6B994}.Debug|Any CPU.Build.0 = Debug|Any CPU
		{1AA172F8-764F-459D-B2C0-019953E6B994}.Debug|x64.ActiveCfg = Debug|Any CPU
		{1AA172F8-764F-459D-B2C0-019953E6B994}.Debug|x64.Build.0 = Debug|Any CPU
		{1AA172F8-764F-459D-B2C0-019953E6B994}.Debug|x86.ActiveCfg = Debug|Any CPU
		{1AA172F8-764F-459D-B2C0-019953E6B994}.Debug|x86.Build.0 = Debug|Any CPU
		{1AA172F8-764F-459D-B2C0-019953E6B994}.Release|Any CPU.ActiveCfg = Release|Any CPU
		{1AA172F8-764F-459D-B2C0-019953E6B994}.Release|Any CPU.Build.0 = Release|Any CPU
		{1AA172F8-764F-459D-B2C0-019953E6B994}.Release|x64.ActiveCfg = Release|Any CPU
		{1AA172F8-764F-459D-B2C0-019953E6B994}.Release|x64.Build.0 = Release|Any CPU
		{1AA172F8-764F-459D-B2C0-019953E6B994}.Release|x86.ActiveCfg = Release|Any CPU
		{1AA172F8-764F-459D-B2C0-019953E6B994}.Release|x86.Build.0 = Release|Any CPU
		{5A0C552A-D534-4874-9C11-AE6622A3ECC9}.Debug|Any CPU.ActiveCfg = Debug|Any CPU
		{5A0C552A-D534-4874-9C11-AE6622A3ECC9}.Debug|Any CPU.Build.0 = Debug|Any CPU
		{5A0C552A-D534-4874-9C11-AE6622A3ECC9}.Debug|x64.ActiveCfg = Debug|Any CPU
		{5A0C552A-D534-4874-9C11-AE6622A3ECC9}.Debug|x64.Build.0 = Debug|Any CPU
		{5A0C552A-D534-4874-9C11-AE6622A3ECC9}.Debug|x86.ActiveCfg = Debug|Any CPU
		{5A0C552A-D534-4874-9C11-AE6622A3ECC9}.Debug|x86.Build.0 = Debug|Any CPU
		{5A0C552A-D534-4874-9C11-AE6622A3ECC9}.Release|Any CPU.ActiveCfg = Release|Any CPU
		{5A0C552A-D534-4874-9C11-AE6622A3ECC9}.Release|Any CPU.Build.0 = Release|Any CPU
		{5A0C552A-D534-4874-9C11-AE6622A3ECC9}.Release|x64.ActiveCfg = Release|Any CPU
		{5A0C552A-D534-4874-9C11-AE6622A3ECC9}.Release|x64.Build.0 = Release|Any CPU
		{5A0C552A-D534-4874-9C11-AE6622A3ECC9}.Release|x86.ActiveCfg = Release|Any CPU
		{5A0C552A-D534-4874-9C11-AE6622A3ECC9}.Release|x86.Build.0 = Release|Any CPU
		{3E798068-BA49-41CD-A5E2-05F63F45CD60}.Debug|Any CPU.ActiveCfg = Debug|Any CPU
		{3E798068-BA49-41CD-A5E2-05F63F45CD60}.Debug|Any CPU.Build.0 = Debug|Any CPU
		{3E798068-BA49-41CD-A5E2-05F63F45CD60}.Debug|x64.ActiveCfg = Debug|Any CPU
		{3E798068-BA49-41CD-A5E2-05F63F45CD60}.Debug|x64.Build.0 = Debug|Any CPU
		{3E798068-BA49-41CD-A5E2-05F63F45CD60}.Debug|x86.ActiveCfg = Debug|Any CPU
		{3E798068-BA49-41CD-A5E2-05F63F45CD60}.Debug|x86.Build.0 = Debug|Any CPU
		{3E798068-BA49-41CD-A5E2-05F63F45CD60}.Release|Any CPU.ActiveCfg = Release|Any CPU
		{3E798068-BA49-41CD-A5E2-05F63F45CD60}.Release|Any CPU.Build.0 = Release|Any CPU
		{3E798068-BA49-41CD-A5E2-05F63F45CD60}.Release|x64.ActiveCfg = Release|Any CPU
		{3E798068-BA49-41CD-A5E2-05F63F45CD60}.Release|x64.Build.0 = Release|Any CPU
		{3E798068-BA49-41CD-A5E2-05F63F45CD60}.Release|x86.ActiveCfg = Release|Any CPU
		{3E798068-BA49-41CD-A5E2-05F63F45CD60}.Release|x86.Build.0 = Release|Any CPU
	EndGlobalSection
	GlobalSection(SolutionProperties) = preSolution
		HideSolutionNode = FALSE
	EndGlobalSection
	GlobalSection(NestedProjects) = preSolution
		{5D8875BD-80B3-4BE2-930E-52A60ABB341D} = {827E0CD3-B72D-47B6-A68D-7590B98EB39B}
		{92A29F34-D5CB-45CD-83FE-6023CDA05BA7} = {0C88DD14-F956-CE84-757C-A364CCF449FC}
		{1AA172F8-764F-459D-B2C0-019953E6B994} = {827E0CD3-B72D-47B6-A68D-7590B98EB39B}
		{5A0C552A-D534-4874-9C11-AE6622A3ECC9} = {827E0CD3-B72D-47B6-A68D-7590B98EB39B}
		{3E798068-BA49-41CD-A5E2-05F63F45CD60} = {0C88DD14-F956-CE84-757C-A364CCF449FC}
	EndGlobalSection
	GlobalSection(ExtensibilityGlobals) = postSolution
		SolutionGuid = {E79A3DB4-C2E3-42C4-A041-5CF79B05CAD8}
	EndGlobalSection
EndGlobal
