
Microsoft Visual Studio Solution File, Format Version 12.00
# Visual Studio Version 17
VisualStudioVersion = 17.8.34309.116
MinimumVisualStudioVersion = 10.0.40219.1
Project("{9A19103F-16F7-4668-BE54-9A1E7A4F7556}") = "Torrential", "src\Torrential\Torrential.csproj", "{23E8CF05-F614-41D7-94DC-B99DFD4863C0}"
EndProject
Project("{9A19103F-16F7-4668-BE54-9A1E7A4F7556}") = "Torrential.Runner", "src\Torrential.Runner\Torrential.Runner.csproj", "{40837082-8AB1-4B73-AED8-551887BA35F7}"
EndProject
Project("{FAE04EC0-301F-11D3-BF4B-00C04F79EFBC}") = "Torrential.Tests", "test\Torrential.Tests\Torrential.Tests.csproj", "{4F829C73-8D6E-4F3A-88EB-7F18606A94A6}"
EndProject
Global
	GlobalSection(SolutionConfigurationPlatforms) = preSolution
		Debug|Any CPU = Debug|Any CPU
		Release|Any CPU = Release|Any CPU
	EndGlobalSection
	GlobalSection(ProjectConfigurationPlatforms) = postSolution
		{23E8CF05-F614-41D7-94DC-B99DFD4863C0}.Debug|Any CPU.ActiveCfg = Debug|Any CPU
		{23E8CF05-F614-41D7-94DC-B99DFD4863C0}.Debug|Any CPU.Build.0 = Debug|Any CPU
		{23E8CF05-F614-41D7-94DC-B99DFD4863C0}.Release|Any CPU.ActiveCfg = Release|Any CPU
		{23E8CF05-F614-41D7-94DC-B99DFD4863C0}.Release|Any CPU.Build.0 = Release|Any CPU
		{40837082-8AB1-4B73-AED8-551887BA35F7}.Debug|Any CPU.ActiveCfg = Debug|Any CPU
		{40837082-8AB1-4B73-AED8-551887BA35F7}.Debug|Any CPU.Build.0 = Debug|Any CPU
		{40837082-8AB1-4B73-AED8-551887BA35F7}.Release|Any CPU.ActiveCfg = Release|Any CPU
		{40837082-8AB1-4B73-AED8-551887BA35F7}.Release|Any CPU.Build.0 = Release|Any CPU
		{4F829C73-8D6E-4F3A-88EB-7F18606A94A6}.Debug|Any CPU.ActiveCfg = Debug|Any CPU
		{4F829C73-8D6E-4F3A-88EB-7F18606A94A6}.Debug|Any CPU.Build.0 = Debug|Any CPU
		{4F829C73-8D6E-4F3A-88EB-7F18606A94A6}.Release|Any CPU.ActiveCfg = Release|Any CPU
		{4F829C73-8D6E-4F3A-88EB-7F18606A94A6}.Release|Any CPU.Build.0 = Release|Any CPU
	EndGlobalSection
	GlobalSection(SolutionProperties) = preSolution
		HideSolutionNode = FALSE
	EndGlobalSection
	GlobalSection(ExtensibilityGlobals) = postSolution
		SolutionGuid = {E79A3DB4-C2E3-42C4-A041-5CF79B05CAD8}
	EndGlobalSection
EndGlobal
